
Microsoft Visual Studio Solution File, Format Version 12.00
# Visual Studio Version 16
VisualStudioVersion = 16.0.29920.165
MinimumVisualStudioVersion = 10.0.40219.1
Project("{FAE04EC0-301F-11D3-BF4B-00C04F79EFBC}") = "Haritalar.Android", "Haritalar\Haritalar.Android\Haritalar.Android.csproj", "{96E51F85-3718-4706-8CCF-A9ACE27EB8BD}"
EndProject
Project("{FAE04EC0-301F-11D3-BF4B-00C04F79EFBC}") = "Haritalar.iOS", "Haritalar\Haritalar.iOS\Haritalar.iOS.csproj", "{AD3E08CF-A9E2-4A0C-8371-2C5709390CBC}"
EndProject
Project("{9A19103F-16F7-4668-BE54-9A1E7A4F7556}") = "Haritalar", "Haritalar\Haritalar\Haritalar.csproj", "{CB9C7878-6102-40E1-B7DE-1941AAC71F2C}"
EndProject
Global
	GlobalSection(SolutionConfigurationPlatforms) = preSolution
		Debug|Any CPU = Debug|Any CPU
		Debug|iPhone = Debug|iPhone
		Debug|iPhoneSimulator = Debug|iPhoneSimulator
		Release|Any CPU = Release|Any CPU
		Release|iPhone = Release|iPhone
		Release|iPhoneSimulator = Release|iPhoneSimulator
	EndGlobalSection
	GlobalSection(ProjectConfigurationPlatforms) = postSolution
		{96E51F85-3718-4706-8CCF-A9ACE27EB8BD}.Debug|Any CPU.ActiveCfg = Debug|Any CPU
		{96E51F85-3718-4706-8CCF-A9ACE27EB8BD}.Debug|Any CPU.Build.0 = Debug|Any CPU
		{96E51F85-3718-4706-8CCF-A9ACE27EB8BD}.Debug|Any CPU.Deploy.0 = Debug|Any CPU
		{96E51F85-3718-4706-8CCF-A9ACE27EB8BD}.Debug|iPhone.ActiveCfg = Debug|Any CPU
		{96E51F85-3718-4706-8CCF-A9ACE27EB8BD}.Debug|iPhone.Build.0 = Debug|Any CPU
		{96E51F85-3718-4706-8CCF-A9ACE27EB8BD}.Debug|iPhone.Deploy.0 = Debug|Any CPU
		{96E51F85-3718-4706-8CCF-A9ACE27EB8BD}.Debug|iPhoneSimulator.ActiveCfg = Debug|Any CPU
		{96E51F85-3718-4706-8CCF-A9ACE27EB8BD}.Debug|iPhoneSimulator.Build.0 = Debug|Any CPU
		{96E51F85-3718-4706-8CCF-A9ACE27EB8BD}.Debug|iPhoneSimulator.Deploy.0 = Debug|Any CPU
		{96E51F85-3718-4706-8CCF-A9ACE27EB8BD}.Release|Any CPU.ActiveCfg = Release|Any CPU
		{96E51F85-3718-4706-8CCF-A9ACE27EB8BD}.Release|Any CPU.Build.0 = Release|Any CPU
		{96E51F85-3718-4706-8CCF-A9ACE27EB8BD}.Release|Any CPU.Deploy.0 = Release|Any CPU
		{96E51F85-3718-4706-8CCF-A9ACE27EB8BD}.Release|iPhone.ActiveCfg = Release|Any CPU
		{96E51F85-3718-4706-8CCF-A9ACE27EB8BD}.Release|iPhone.Build.0 = Release|Any CPU
		{96E51F85-3718-4706-8CCF-A9ACE27EB8BD}.Release|iPhone.Deploy.0 = Release|Any CPU
		{96E51F85-3718-4706-8CCF-A9ACE27EB8BD}.Release|iPhoneSimulator.ActiveCfg = Release|Any CPU
		{96E51F85-3718-4706-8CCF-A9ACE27EB8BD}.Release|iPhoneSimulator.Build.0 = Release|Any CPU
		{96E51F85-3718-4706-8CCF-A9ACE27EB8BD}.Release|iPhoneSimulator.Deploy.0 = Release|Any CPU
		{AD3E08CF-A9E2-4A0C-8371-2C5709390CBC}.Debug|Any CPU.ActiveCfg = Debug|iPhone
		{AD3E08CF-A9E2-4A0C-8371-2C5709390CBC}.Debug|Any CPU.Build.0 = Debug|iPhone
		{AD3E08CF-A9E2-4A0C-8371-2C5709390CBC}.Debug|Any CPU.Deploy.0 = Debug|iPhone
		{AD3E08CF-A9E2-4A0C-8371-2C5709390CBC}.Debug|iPhone.ActiveCfg = Debug|iPhone
		{AD3E08CF-A9E2-4A0C-8371-2C5709390CBC}.Debug|iPhone.Build.0 = Debug|iPhone
		{AD3E08CF-A9E2-4A0C-8371-2C5709390CBC}.Debug|iPhone.Deploy.0 = Debug|iPhone
		{AD3E08CF-A9E2-4A0C-8371-2C5709390CBC}.Debug|iPhoneSimulator.ActiveCfg = Debug|iPhoneSimulator
		{AD3E08CF-A9E2-4A0C-8371-2C5709390CBC}.Debug|iPhoneSimulator.Build.0 = Debug|iPhoneSimulator
		{AD3E08CF-A9E2-4A0C-8371-2C5709390CBC}.Debug|iPhoneSimulator.Deploy.0 = Debug|iPhoneSimulator
		{AD3E08CF-A9E2-4A0C-8371-2C5709390CBC}.Release|Any CPU.ActiveCfg = Release|iPhone
		{AD3E08CF-A9E2-4A0C-8371-2C5709390CBC}.Release|Any CPU.Build.0 = Release|iPhone
		{AD3E08CF-A9E2-4A0C-8371-2C5709390CBC}.Release|Any CPU.Deploy.0 = Release|iPhone
		{AD3E08CF-A9E2-4A0C-8371-2C5709390CBC}.Release|iPhone.ActiveCfg = Release|iPhone
		{AD3E08CF-A9E2-4A0C-8371-2C5709390CBC}.Release|iPhone.Build.0 = Release|iPhone
		{AD3E08CF-A9E2-4A0C-8371-2C5709390CBC}.Release|iPhone.Deploy.0 = Release|iPhone
		{AD3E08CF-A9E2-4A0C-8371-2C5709390CBC}.Release|iPhoneSimulator.ActiveCfg = Release|iPhoneSimulator
		{AD3E08CF-A9E2-4A0C-8371-2C5709390CBC}.Release|iPhoneSimulator.Build.0 = Release|iPhoneSimulator
		{AD3E08CF-A9E2-4A0C-8371-2C5709390CBC}.Release|iPhoneSimulator.Deploy.0 = Release|iPhoneSimulator
		{CB9C7878-6102-40E1-B7DE-1941AAC71F2C}.Debug|Any CPU.ActiveCfg = Debug|Any CPU
		{CB9C7878-6102-40E1-B7DE-1941AAC71F2C}.Debug|Any CPU.Build.0 = Debug|Any CPU
		{CB9C7878-6102-40E1-B7DE-1941AAC71F2C}.Debug|Any CPU.Deploy.0 = Debug|Any CPU
		{CB9C7878-6102-40E1-B7DE-1941AAC71F2C}.Debug|iPhone.ActiveCfg = Debug|Any CPU
		{CB9C7878-6102-40E1-B7DE-1941AAC71F2C}.Debug|iPhone.Build.0 = Debug|Any CPU
		{CB9C7878-6102-40E1-B7DE-1941AAC71F2C}.Debug|iPhone.Deploy.0 = Debug|Any CPU
		{CB9C7878-6102-40E1-B7DE-1941AAC71F2C}.Debug|iPhoneSimulator.ActiveCfg = Debug|Any CPU
		{CB9C7878-6102-40E1-B7DE-1941AAC71F2C}.Debug|iPhoneSimulator.Build.0 = Debug|Any CPU
		{CB9C7878-6102-40E1-B7DE-1941AAC71F2C}.Debug|iPhoneSimulator.Deploy.0 = Debug|Any CPU
		{CB9C7878-6102-40E1-B7DE-1941AAC71F2C}.Release|Any CPU.ActiveCfg = Release|Any CPU
		{CB9C7878-6102-40E1-B7DE-1941AAC71F2C}.Release|Any CPU.Build.0 = Release|Any CPU
		{CB9C7878-6102-40E1-B7DE-1941AAC71F2C}.Release|Any CPU.Deploy.0 = Release|Any CPU
		{CB9C7878-6102-40E1-B7DE-1941AAC71F2C}.Release|iPhone.ActiveCfg = Release|Any CPU
		{CB9C7878-6102-40E1-B7DE-1941AAC71F2C}.Release|iPhone.Build.0 = Release|Any CPU
		{CB9C7878-6102-40E1-B7DE-1941AAC71F2C}.Release|iPhone.Deploy.0 = Release|Any CPU
		{CB9C7878-6102-40E1-B7DE-1941AAC71F2C}.Release|iPhoneSimulator.ActiveCfg = Release|Any CPU
		{CB9C7878-6102-40E1-B7DE-1941AAC71F2C}.Release|iPhoneSimulator.Build.0 = Release|Any CPU
		{CB9C7878-6102-40E1-B7DE-1941AAC71F2C}.Release|iPhoneSimulator.Deploy.0 = Release|Any CPU
	EndGlobalSection
	GlobalSection(SolutionProperties) = preSolution
		HideSolutionNode = FALSE
	EndGlobalSection
	GlobalSection(ExtensibilityGlobals) = postSolution
		SolutionGuid = {D2C17CE4-F11A-4CC5-8A8F-699C270AB923}
	EndGlobalSection
EndGlobal
